
Microsoft Visual Studio Solution File, Format Version 12.00
# Visual Studio 15
VisualStudioVersion = 15.0.28307.421
MinimumVisualStudioVersion = 10.0.40219.1
Project("{FAE04EC0-301F-11D3-BF4B-00C04F79EFBC}") = "MyBooks.Api", "MyBooks.Api\MyBooks.Api.csproj", "{E684CFB1-CD02-4750-9B45-AF4A854DF0C7}"
EndProject
Project("{FAE04EC0-301F-11D3-BF4B-00C04F79EFBC}") = "MyBooks.Bll", "MyBooks.Bll\MyBooks.Bll.csproj", "{E53E8F85-15E1-4FE8-95EB-D0EF2E4F0142}"
EndProject
Project("{FAE04EC0-301F-11D3-BF4B-00C04F79EFBC}") = "MyBooks.Client", "MyBooks.Client\MyBooks.Client.csproj", "{5224AA7C-77C0-46D2-99C4-2D5EECA3D5A5}"
EndProject
Project("{FAE04EC0-301F-11D3-BF4B-00C04F79EFBC}") = "MyBooks.Client.Uwp", "MyBooks.Client.Uwp\MyBooks.Client.Uwp.csproj", "{B82E4641-136D-4D6A-80A7-26B1C475E15D}"
EndProject
Global
	GlobalSection(SolutionConfigurationPlatforms) = preSolution
		Debug|Any CPU = Debug|Any CPU
		Debug|ARM = Debug|ARM
		Debug|ARM64 = Debug|ARM64
		Debug|x64 = Debug|x64
		Debug|x86 = Debug|x86
		Release|Any CPU = Release|Any CPU
		Release|ARM = Release|ARM
		Release|ARM64 = Release|ARM64
		Release|x64 = Release|x64
		Release|x86 = Release|x86
	EndGlobalSection
	GlobalSection(ProjectConfigurationPlatforms) = postSolution
		{E684CFB1-CD02-4750-9B45-AF4A854DF0C7}.Debug|Any CPU.ActiveCfg = Debug|Any CPU
		{E684CFB1-CD02-4750-9B45-AF4A854DF0C7}.Debug|Any CPU.Build.0 = Debug|Any CPU
		{E684CFB1-CD02-4750-9B45-AF4A854DF0C7}.Debug|ARM.ActiveCfg = Debug|Any CPU
		{E684CFB1-CD02-4750-9B45-AF4A854DF0C7}.Debug|ARM.Build.0 = Debug|Any CPU
		{E684CFB1-CD02-4750-9B45-AF4A854DF0C7}.Debug|ARM64.ActiveCfg = Debug|Any CPU
		{E684CFB1-CD02-4750-9B45-AF4A854DF0C7}.Debug|ARM64.Build.0 = Debug|Any CPU
		{E684CFB1-CD02-4750-9B45-AF4A854DF0C7}.Debug|x64.ActiveCfg = Debug|Any CPU
		{E684CFB1-CD02-4750-9B45-AF4A854DF0C7}.Debug|x64.Build.0 = Debug|Any CPU
		{E684CFB1-CD02-4750-9B45-AF4A854DF0C7}.Debug|x86.ActiveCfg = Debug|Any CPU
		{E684CFB1-CD02-4750-9B45-AF4A854DF0C7}.Debug|x86.Build.0 = Debug|Any CPU
		{E684CFB1-CD02-4750-9B45-AF4A854DF0C7}.Release|Any CPU.ActiveCfg = Release|Any CPU
		{E684CFB1-CD02-4750-9B45-AF4A854DF0C7}.Release|Any CPU.Build.0 = Release|Any CPU
		{E684CFB1-CD02-4750-9B45-AF4A854DF0C7}.Release|ARM.ActiveCfg = Release|Any CPU
		{E684CFB1-CD02-4750-9B45-AF4A854DF0C7}.Release|ARM.Build.0 = Release|Any CPU
		{E684CFB1-CD02-4750-9B45-AF4A854DF0C7}.Release|ARM64.ActiveCfg = Release|Any CPU
		{E684CFB1-CD02-4750-9B45-AF4A854DF0C7}.Release|ARM64.Build.0 = Release|Any CPU
		{E684CFB1-CD02-4750-9B45-AF4A854DF0C7}.Release|x64.ActiveCfg = Release|Any CPU
		{E684CFB1-CD02-4750-9B45-AF4A854DF0C7}.Release|x64.Build.0 = Release|Any CPU
		{E684CFB1-CD02-4750-9B45-AF4A854DF0C7}.Release|x86.ActiveCfg = Release|Any CPU
		{E684CFB1-CD02-4750-9B45-AF4A854DF0C7}.Release|x86.Build.0 = Release|Any CPU
		{E53E8F85-15E1-4FE8-95EB-D0EF2E4F0142}.Debug|Any CPU.ActiveCfg = Debug|Any CPU
		{E53E8F85-15E1-4FE8-95EB-D0EF2E4F0142}.Debug|Any CPU.Build.0 = Debug|Any CPU
		{E53E8F85-15E1-4FE8-95EB-D0EF2E4F0142}.Debug|ARM.ActiveCfg = Debug|Any CPU
		{E53E8F85-15E1-4FE8-95EB-D0EF2E4F0142}.Debug|ARM.Build.0 = Debug|Any CPU
		{E53E8F85-15E1-4FE8-95EB-D0EF2E4F0142}.Debug|ARM64.ActiveCfg = Debug|Any CPU
		{E53E8F85-15E1-4FE8-95EB-D0EF2E4F0142}.Debug|ARM64.Build.0 = Debug|Any CPU
		{E53E8F85-15E1-4FE8-95EB-D0EF2E4F0142}.Debug|x64.ActiveCfg = Debug|Any CPU
		{E53E8F85-15E1-4FE8-95EB-D0EF2E4F0142}.Debug|x64.Build.0 = Debug|Any CPU
		{E53E8F85-15E1-4FE8-95EB-D0EF2E4F0142}.Debug|x86.ActiveCfg = Debug|Any CPU
		{E53E8F85-15E1-4FE8-95EB-D0EF2E4F0142}.Debug|x86.Build.0 = Debug|Any CPU
		{E53E8F85-15E1-4FE8-95EB-D0EF2E4F0142}.Release|Any CPU.ActiveCfg = Release|Any CPU
		{E53E8F85-15E1-4FE8-95EB-D0EF2E4F0142}.Release|Any CPU.Build.0 = Release|Any CPU
		{E53E8F85-15E1-4FE8-95EB-D0EF2E4F0142}.Release|ARM.ActiveCfg = Release|Any CPU
		{E53E8F85-15E1-4FE8-95EB-D0EF2E4F0142}.Release|ARM.Build.0 = Release|Any CPU
		{E53E8F85-15E1-4FE8-95EB-D0EF2E4F0142}.Release|ARM64.ActiveCfg = Release|Any CPU
		{E53E8F85-15E1-4FE8-95EB-D0EF2E4F0142}.Release|ARM64.Build.0 = Release|Any CPU
		{E53E8F85-15E1-4FE8-95EB-D0EF2E4F0142}.Release|x64.ActiveCfg = Release|Any CPU
		{E53E8F85-15E1-4FE8-95EB-D0EF2E4F0142}.Release|x64.Build.0 = Release|Any CPU
		{E53E8F85-15E1-4FE8-95EB-D0EF2E4F0142}.Release|x86.ActiveCfg = Release|Any CPU
		{E53E8F85-15E1-4FE8-95EB-D0EF2E4F0142}.Release|x86.Build.0 = Release|Any CPU
		{5224AA7C-77C0-46D2-99C4-2D5EECA3D5A5}.Debug|Any CPU.ActiveCfg = Debug|Any CPU
		{5224AA7C-77C0-46D2-99C4-2D5EECA3D5A5}.Debug|Any CPU.Build.0 = Debug|Any CPU
		{5224AA7C-77C0-46D2-99C4-2D5EECA3D5A5}.Debug|ARM.ActiveCfg = Debug|Any CPU
		{5224AA7C-77C0-46D2-99C4-2D5EECA3D5A5}.Debug|ARM.Build.0 = Debug|Any CPU
		{5224AA7C-77C0-46D2-99C4-2D5EECA3D5A5}.Debug|ARM64.ActiveCfg = Debug|Any CPU
		{5224AA7C-77C0-46D2-99C4-2D5EECA3D5A5}.Debug|ARM64.Build.0 = Debug|Any CPU
		{5224AA7C-77C0-46D2-99C4-2D5EECA3D5A5}.Debug|x64.ActiveCfg = Debug|Any CPU
		{5224AA7C-77C0-46D2-99C4-2D5EECA3D5A5}.Debug|x64.Build.0 = Debug|Any CPU
		{5224AA7C-77C0-46D2-99C4-2D5EECA3D5A5}.Debug|x86.ActiveCfg = Debug|Any CPU
		{5224AA7C-77C0-46D2-99C4-2D5EECA3D5A5}.Debug|x86.Build.0 = Debug|Any CPU
		{5224AA7C-77C0-46D2-99C4-2D5EECA3D5A5}.Release|Any CPU.ActiveCfg = Release|Any CPU
		{5224AA7C-77C0-46D2-99C4-2D5EECA3D5A5}.Release|Any CPU.Build.0 = Release|Any CPU
		{5224AA7C-77C0-46D2-99C4-2D5EECA3D5A5}.Release|ARM.ActiveCfg = Release|Any CPU
		{5224AA7C-77C0-46D2-99C4-2D5EECA3D5A5}.Release|ARM.Build.0 = Release|Any CPU
		{5224AA7C-77C0-46D2-99C4-2D5EECA3D5A5}.Release|ARM64.ActiveCfg = Release|Any CPU
		{5224AA7C-77C0-46D2-99C4-2D5EECA3D5A5}.Release|ARM64.Build.0 = Release|Any CPU
		{5224AA7C-77C0-46D2-99C4-2D5EECA3D5A5}.Release|x64.ActiveCfg = Release|Any CPU
		{5224AA7C-77C0-46D2-99C4-2D5EECA3D5A5}.Release|x64.Build.0 = Release|Any CPU
		{5224AA7C-77C0-46D2-99C4-2D5EECA3D5A5}.Release|x86.ActiveCfg = Release|Any CPU
		{5224AA7C-77C0-46D2-99C4-2D5EECA3D5A5}.Release|x86.Build.0 = Release|Any CPU
		{B82E4641-136D-4D6A-80A7-26B1C475E15D}.Debug|Any CPU.ActiveCfg = Debug|x86
		{B82E4641-136D-4D6A-80A7-26B1C475E15D}.Debug|ARM.ActiveCfg = Debug|ARM
		{B82E4641-136D-4D6A-80A7-26B1C475E15D}.Debug|ARM.Build.0 = Debug|ARM
		{B82E4641-136D-4D6A-80A7-26B1C475E15D}.Debug|ARM.Deploy.0 = Debug|ARM
		{B82E4641-136D-4D6A-80A7-26B1C475E15D}.Debug|ARM64.ActiveCfg = Debug|ARM64
		{B82E4641-136D-4D6A-80A7-26B1C475E15D}.Debug|ARM64.Build.0 = Debug|ARM64
		{B82E4641-136D-4D6A-80A7-26B1C475E15D}.Debug|ARM64.Deploy.0 = Debug|ARM64
		{B82E4641-136D-4D6A-80A7-26B1C475E15D}.Debug|x64.ActiveCfg = Debug|x64
		{B82E4641-136D-4D6A-80A7-26B1C475E15D}.Debug|x64.Build.0 = Debug|x64
		{B82E4641-136D-4D6A-80A7-26B1C475E15D}.Debug|x64.Deploy.0 = Debug|x64
		{B82E4641-136D-4D6A-80A7-26B1C475E15D}.Debug|x86.ActiveCfg = Debug|x86
		{B82E4641-136D-4D6A-80A7-26B1C475E15D}.Debug|x86.Build.0 = Debug|x86
		{B82E4641-136D-4D6A-80A7-26B1C475E15D}.Debug|x86.Deploy.0 = Debug|x86
		{B82E4641-136D-4D6A-80A7-26B1C475E15D}.Release|Any CPU.ActiveCfg = Release|x86
		{B82E4641-136D-4D6A-80A7-26B1C475E15D}.Release|ARM.ActiveCfg = Release|ARM
		{B82E4641-136D-4D6A-80A7-26B1C475E15D}.Release|ARM.Build.0 = Release|ARM
		{B82E4641-136D-4D6A-80A7-26B1C475E15D}.Release|ARM.Deploy.0 = Release|ARM
		{B82E4641-136D-4D6A-80A7-26B1C475E15D}.Release|ARM64.ActiveCfg = Release|ARM64
		{B82E4641-136D-4D6A-80A7-26B1C475E15D}.Release|ARM64.Build.0 = Release|ARM64
		{B82E4641-136D-4D6A-80A7-26B1C475E15D}.Release|ARM64.Deploy.0 = Release|ARM64
		{B82E4641-136D-4D6A-80A7-26B1C475E15D}.Release|x64.ActiveCfg = Release|x64
		{B82E4641-136D-4D6A-80A7-26B1C475E15D}.Release|x64.Build.0 = Release|x64
		{B82E4641-136D-4D6A-80A7-26B1C475E15D}.Release|x64.Deploy.0 = Release|x64
		{B82E4641-136D-4D6A-80A7-26B1C475E15D}.Release|x86.ActiveCfg = Release|x86
		{B82E4641-136D-4D6A-80A7-26B1C475E15D}.Release|x86.Build.0 = Release|x86
		{B82E4641-136D-4D6A-80A7-26B1C475E15D}.Release|x86.Deploy.0 = Release|x86
	EndGlobalSection
	GlobalSection(SolutionProperties) = preSolution
		HideSolutionNode = FALSE
	EndGlobalSection
	GlobalSection(ExtensibilityGlobals) = postSolution
		SolutionGuid = {6D231066-5B7D-4B94-8292-8F9B280C3065}
	EndGlobalSection
EndGlobal
